
Microsoft Visual Studio Solution File, Format Version 12.00
# Visual Studio Version 16
VisualStudioVersion = 16.0.31624.102
MinimumVisualStudioVersion = 10.0.40219.1
Project("{9A19103F-16F7-4668-BE54-9A1E7A4F7556}") = "AbovePremiereWeb", "WebApplication1\AbovePremiereWeb.csproj", "{279E61F7-1562-4DB4-8DCF-BF61BD370DDB}"
EndProject
Global
	GlobalSection(SolutionConfigurationPlatforms) = preSolution
		Debug|Any CPU = Debug|Any CPU
		Release|Any CPU = Release|Any CPU
	EndGlobalSection
	GlobalSection(ProjectConfigurationPlatforms) = postSolution
		{279E61F7-1562-4DB4-8DCF-BF61BD370DDB}.Debug|Any CPU.ActiveCfg = Debug|Any CPU
		{279E61F7-1562-4DB4-8DCF-BF61BD370DDB}.Debug|Any CPU.Build.0 = Debug|Any CPU
		{279E61F7-1562-4DB4-8DCF-BF61BD370DDB}.Release|Any CPU.ActiveCfg = Release|Any CPU
		{279E61F7-1562-4DB4-8DCF-BF61BD370DDB}.Release|Any CPU.Build.0 = Release|Any CPU
	EndGlobalSection
	GlobalSection(SolutionProperties) = preSolution
		HideSolutionNode = FALSE
	EndGlobalSection
	GlobalSection(ExtensibilityGlobals) = postSolution
		SolutionGuid = {90E0F32D-FA36-45A6-BD9A-3722BBD86402}
	EndGlobalSection
EndGlobal
